version: 7
platforms:
- name: win-64
  virtual-packages:
  - __win=10.0
  - __archspec=0=x86_64
environments:
  cgal:
    channels:
    - url: https://conda.anaconda.org/conda-forge/
    packages:
      win-64:
      - conda: https://conda.anaconda.org/conda-forge/noarch/ca-certificates-2026.7.22-h4c7d964_0.conda
      - conda: https://conda.anaconda.org/conda-forge/noarch/tzdata-2026c-h151e31d_0.conda
      - conda: https://conda.anaconda.org/conda-forge/win-64/_openmp_mutex-4.5-20_gnu.conda
      - conda: https://conda.anaconda.org/conda-forge/win-64/bzip2-1.0.8-h0ad9c76_10.conda
      - conda: https://conda.anaconda.org/conda-forge/win-64/cgal-cpp-6.0.1-hc4f255e_1.conda
      - conda: https://conda.anaconda.org/conda-forge/win-64/cmake-4.4.3-hde52c71_0.conda
      - conda: https://conda.anaconda.org/conda-forge/win-64/eigen-5.0.1-h5112557_3.conda
      - conda: https://conda.anaconda.org/conda-forge/win-64/gmp-6.3.0-hbc858fe_3.conda
      - conda: https://conda.anaconda.org/conda-forge/win-64/icu-78.3-h5112557_2.conda
      - conda: https://conda.anaconda.org/conda-forge/win-64/krb5-1.22.2-h719d79b_2.conda
      - conda: https://conda.anaconda.org/conda-forge/win-64/libboost-1.88.0-h9dfe17d_7.conda
      - conda: https://conda.anaconda.org/conda-forge/win-64/libboost-devel-1.88.0-h1c1089f_7.conda
      - conda: https://conda.anaconda.org/conda-forge/win-64/libboost-headers-1.88.0-h57928b3_7.conda
      - conda: https://conda.anaconda.org/conda-forge/win-64/libcurl-8.22.0-hdb0ef4a_0.conda
      - conda: https://conda.anaconda.org/conda-forge/win-64/libexpat-2.8.1-hac47afa_1.conda
      - conda: https://conda.anaconda.org/conda-forge/win-64/libffi-3.7.0-h3d046cb_1.conda
      - conda: https://conda.anaconda.org/conda-forge/win-64/libgcc-16.2.0-h110b43a_4.conda
      - conda: https://conda.anaconda.org/conda-forge/win-64/libgomp-16.2.0-h8ee18e1_4.conda
      - conda: https://conda.anaconda.org/conda-forge/win-64/libiconv-1.18-hc1393d2_3.conda
      - conda: https://conda.anaconda.org/conda-forge/win-64/liblzma-5.8.3-hfd05255_1.conda
      - conda: https://conda.anaconda.org/conda-forge/win-64/libpsl-0.23.1-h9b16d47_1.conda
      - conda: https://conda.anaconda.org/conda-forge/win-64/libsqlite-3.53.4-hf5d6505_1.conda
      - conda: https://conda.anaconda.org/conda-forge/win-64/libssh2-1.11.1-h734d217_1.conda
      - conda: https://conda.anaconda.org/conda-forge/win-64/libuv-1.52.1-h6a83c73_1.conda
      - conda: https://conda.anaconda.org/conda-forge/win-64/libwinpthread-12.0.0.r4.gg4f2fc60ca-h57928b3_10.conda
      - conda: https://conda.anaconda.org/conda-forge/win-64/libzlib-1.3.2-hfd05255_3.conda
      - conda: https://conda.anaconda.org/conda-forge/win-64/mpfr-4.2.2-hb393127_1.conda
      - conda: https://conda.anaconda.org/conda-forge/win-64/ninja-1.13.2-h477610d_1.conda
      - conda: https://conda.anaconda.org/conda-forge/win-64/openssl-3.6.4-hf411b9b_0.conda
      - conda: https://conda.anaconda.org/conda-forge/win-64/python-3.10.21-hc20f281_0_cpython.conda
      - conda: https://conda.anaconda.org/conda-forge/win-64/tk-8.6.13-h967ab96_4.conda
      - conda: https://conda.anaconda.org/conda-forge/win-64/ucrt-10.0.26100.0-h57928b3_0.conda
      - conda: https://conda.anaconda.org/conda-forge/win-64/vc-14.5-ha367084_41.conda
      - conda: https://conda.anaconda.org/conda-forge/win-64/vc14_runtime-14.51.36247-habf1de7_41.conda
      - conda: https://conda.anaconda.org/conda-forge/win-64/vcomp14-14.51.36247-habf1de7_41.conda
      - conda: https://conda.anaconda.org/conda-forge/win-64/zstd-1.5.7-h534d264_7.conda
  default:
    channels:
    - url: https://conda.anaconda.org/conda-forge/
    packages:
      win-64:
      - conda: https://conda.anaconda.org/conda-forge/noarch/ca-certificates-2026.7.22-h4c7d964_0.conda
      - conda: https://conda.anaconda.org/conda-forge/noarch/python_abi-3.11-9_cp311.conda
      - conda: https://conda.anaconda.org/conda-forge/noarch/tzdata-2026c-h151e31d_0.conda
      - conda: https://conda.anaconda.org/conda-forge/win-64/bzip2-1.0.8-h0ad9c76_10.conda
      - conda: https://conda.anaconda.org/conda-forge/win-64/icu-78.3-h5112557_2.conda
      - conda: https://conda.anaconda.org/conda-forge/win-64/libblas-3.11.0-11_h8455456_mkl.conda
      - conda: https://conda.anaconda.org/conda-forge/win-64/libcblas-3.11.0-11_h2a3cdd5_mkl.conda
      - conda: https://conda.anaconda.org/conda-forge/win-64/libexpat-2.8.1-hac47afa_1.conda
      - conda: https://conda.anaconda.org/conda-forge/win-64/libffi-3.7.0-h3d046cb_1.conda
      - conda: https://conda.anaconda.org/conda-forge/win-64/libhwloc-2.13.0-default_h049141e_1000.conda
      - conda: https://conda.anaconda.org/conda-forge/win-64/libiconv-1.18-hc1393d2_3.conda
      - conda: https://conda.anaconda.org/conda-forge/win-64/liblapack-3.11.0-11_hf9ab0e9_mkl.conda
      - conda: https://conda.anaconda.org/conda-forge/win-64/liblzma-5.8.3-hfd05255_1.conda
      - conda: https://conda.anaconda.org/conda-forge/win-64/libpython-3.11.16-hcc31f7b_2_cpython.conda
      - conda: https://conda.anaconda.org/conda-forge/win-64/libsqlite-3.53.4-hf5d6505_1.conda
      - conda: https://conda.anaconda.org/conda-forge/win-64/libwinpthread-12.0.0.r4.gg4f2fc60ca-h57928b3_10.conda
      - conda: https://conda.anaconda.org/conda-forge/win-64/libxml2-16-2.15.4-h3cfd58e_0.conda
      - conda: https://conda.anaconda.org/conda-forge/win-64/libxml2-2.15.4-he095d88_0.conda
      - conda: https://conda.anaconda.org/conda-forge/win-64/libzlib-1.3.2-hfd05255_3.conda
      - conda: https://conda.anaconda.org/conda-forge/win-64/llvm-openmp-23.1.1-h49e36cd_0.conda
      - conda: https://conda.anaconda.org/conda-forge/win-64/mkl-2026.1.0-hac47afa_235.conda
      - conda: https://conda.anaconda.org/conda-forge/win-64/numpy-2.2.6-py311h5e411d1_0.conda
      - conda: https://conda.anaconda.org/conda-forge/win-64/openssl-3.6.4-hf411b9b_0.conda
      - conda: https://conda.anaconda.org/conda-forge/win-64/python-3.11.16-hb12b558_2_cpython.conda
      - conda: https://conda.anaconda.org/conda-forge/win-64/tbb-2023.1.0-hdcfe883_0.conda
      - conda: https://conda.anaconda.org/conda-forge/win-64/tk-8.6.13-h967ab96_4.conda
      - conda: https://conda.anaconda.org/conda-forge/win-64/ucrt-10.0.26100.0-h57928b3_0.conda
      - conda: https://conda.anaconda.org/conda-forge/win-64/vc-14.5-ha367084_41.conda
      - conda: https://conda.anaconda.org/conda-forge/win-64/vc14_runtime-14.51.36247-habf1de7_41.conda
      - conda: https://conda.anaconda.org/conda-forge/win-64/vcomp14-14.51.36247-habf1de7_41.conda
  geo:
    channels:
    - url: https://conda.anaconda.org/conda-forge/
    indexes:
    - https://pypi.org/simple
    packages:
      win-64:
      - conda: https://conda.anaconda.org/conda-forge/noarch/ca-certificates-2026.7.22-h4c7d964_0.conda
      - conda: https://conda.anaconda.org/conda-forge/noarch/mpmath-1.4.1-pyhd8ed1ab_0.conda
      - conda: https://conda.anaconda.org/conda-forge/noarch/sympy-1.14.0-pyh04b8f61_6.conda
      - conda: https://conda.anaconda.org/conda-forge/noarch/tzdata-2026c-h151e31d_0.conda
      - conda: https://conda.anaconda.org/conda-forge/win-64/bzip2-1.0.8-h0ad9c76_10.conda
      - conda: https://conda.anaconda.org/conda-forge/win-64/libexpat-2.8.1-hac47afa_1.conda
      - conda: https://conda.anaconda.org/conda-forge/win-64/libffi-3.7.0-h3d046cb_1.conda
      - conda: https://conda.anaconda.org/conda-forge/win-64/liblzma-5.8.3-hfd05255_1.conda
      - conda: https://conda.anaconda.org/conda-forge/win-64/libsqlite-3.53.4-hf5d6505_1.conda
      - conda: https://conda.anaconda.org/conda-forge/win-64/libzlib-1.3.2-hfd05255_3.conda
      - conda: https://conda.anaconda.org/conda-forge/win-64/openssl-3.6.4-hf411b9b_0.conda
      - conda: https://conda.anaconda.org/conda-forge/win-64/python-3.10.21-hc20f281_0_cpython.conda
      - conda: https://conda.anaconda.org/conda-forge/win-64/tk-8.6.13-h967ab96_4.conda
      - conda: https://conda.anaconda.org/conda-forge/win-64/ucrt-10.0.26100.0-h57928b3_0.conda
      - conda: https://conda.anaconda.org/conda-forge/win-64/vc-14.5-ha367084_41.conda
      - conda: https://conda.anaconda.org/conda-forge/win-64/vc14_runtime-14.51.36247-habf1de7_41.conda
      - conda: https://conda.anaconda.org/conda-forge/win-64/vcomp14-14.51.36247-habf1de7_41.conda
      - pypi: https://files.pythonhosted.org/packages/3e/2d/ca050652104bab2cf55e569db2a178b1b61cb041fef28307f2db383f6d9f/imageio-2.37.4-py3-none-any.whl
      - pypi: https://files.pythonhosted.org/packages/48/7c/8fa0039574c476d7c6fa57dd7c32a130436877c6ec1e5ce1cc8ec44878c1/pillow-12.3.0-cp310-cp310-win_amd64.whl
      - pypi: https://files.pythonhosted.org/packages/5d/06/bd0a6097da704a7a7c34a94cfd771c3ea3c2f405dd214e790d22c93f6be1/tifffile-2025.5.10-py3-none-any.whl
      - pypi: https://files.pythonhosted.org/packages/5f/ee/c53a009e3997dda9d285402f19226fbd17b5b3cb215da391c4ed084a1424/scikit_image-0.25.2-cp310-cp310-win_amd64.whl
      - pypi: https://files.pythonhosted.org/packages/63/34/ba1c580383c9eada3711951fef0795c80b829a078d72188184bcab9dd527/packaging-26.3-py3-none-any.whl
      - pypi: https://files.pythonhosted.org/packages/8a/a1/8d812e53a5da1687abb10445275d41a8b13adb781bbf7196ddbcf8d88505/lazy_loader-0.5-py3-none-any.whl
      - pypi: https://files.pythonhosted.org/packages/a3/dd/4b822569d6b96c39d1215dbae0582fd99954dcbcf0c1a13c61783feaca3f/numpy-2.2.6-cp310-cp310-win_amd64.whl
      - pypi: https://files.pythonhosted.org/packages/b9/54/dd730b32ea14ea797530a4479b2ed46a6fb250f682a9cfb997e968bf0261/networkx-3.4.2-py3-none-any.whl
      - pypi: https://files.pythonhosted.org/packages/d1/84/55bc4881973d3f79b479a5a2e2df61c8c9a04fcb986a213ac9c02cfb659b/scipy-1.15.3-cp310-cp310-win_amd64.whl
packages:
- conda: https://conda.anaconda.org/conda-forge/noarch/ca-certificates-2026.7.22-h4c7d964_0.conda
  sha256: 95e8e74062a5fe5f870ac8c90302b6e89945165fdaed7810606e84ddee6aac12
  md5: e27d2ac27b096dc51fedfcf775a53f9b
  depends:
  - __win
  license: ISC
  purls: []
  run_exports: {}
  size: 132136
  timestamp: 1784754918886
- conda: https://conda.anaconda.org/conda-forge/noarch/mpmath-1.4.1-pyhd8ed1ab_0.conda
  sha256: 5bbf2f8179ec43d34d67ca8e4989d216c1bdb4b749fe6cb40e86ebf88c1b5300
  md5: 2e81b32b805f406d23ba61938a184081
  depends:
  - python >=3.10
  license: BSD-3-Clause
  license_family: BSD
  purls:
  - pkg:pypi/mpmath?source=hash-mapping
  run_exports: {}
  size: 464918
  timestamp: 1773662068273
- conda: https://conda.anaconda.org/conda-forge/noarch/python_abi-3.11-9_cp311.conda
  build_number: 9
  sha256: bcfbad269758f4617035314fe379ee655bc2d9db5282e7a00d61450b7cefa3cf
  md5: 18e91a03be08122180f208723e42a52e
  constrains:
  - python 3.11.* *_cpython
  license: BSD-3-Clause
  license_family: BSD
  run_exports: {}
  size: 6770
  timestamp: 1788302830198
- conda: https://conda.anaconda.org/conda-forge/noarch/sympy-1.14.0-pyh04b8f61_6.conda
  sha256: 772a39271b96ce77fbaf169f43c1097b8e2c8d34c2685e5048cd72459a38ea24
  md5: 1e739b165ad827042e48978718e6532b
  depends:
  - mpmath >=1.1.0,<1.5
  - python >=3.10
  license: BSD-3-Clause
  license_family: BSD
  purls:
  - pkg:pypi/sympy?source=hash-mapping
  run_exports: {}
  size: 4626620
  timestamp: 1771952365446
- conda: https://conda.anaconda.org/conda-forge/noarch/tzdata-2026c-h151e31d_0.conda
  sha256: b928c30ddcb0e3f544c6eade8352737e6e610e263276b90232db6a578ef899d8
  md5: fcb489df604d100968b737f2cb6076c6
  license: LicenseRef-Public-Domain
  purls: []
  run_exports: {}
  size: 118849
  timestamp: 1784250406640
- conda: https://conda.anaconda.org/conda-forge/win-64/_openmp_mutex-4.5-20_gnu.conda
  build_number: 20
  sha256: 8a1cee28bd0ee7451ada1cd50b64720e57e17ff994fc62dd8329bef570d382e4
  md5: 1626967b574d1784b578b52eaeb071e7
  depends:
  - libgomp >=7.5.0
  - libwinpthread >=12.0.0.r4.gg4f2fc60ca
  constrains:
  - openmp_impl <0.0a0
  - msys2-conda-epoch <0.0a0
  license: BSD-3-Clause
  license_family: BSD
  run_exports:
    strong:
    - _openmp_mutex >=4.5
  size: 52252
  timestamp: 1770943776666
- conda: https://conda.anaconda.org/conda-forge/win-64/bzip2-1.0.8-h0ad9c76_10.conda
  sha256: 04767466ee9227c9c57ab2c6503e0149177d34111c7418d2f420297acb1eb229
  md5: c3301c058362f340100d91cd8be0393f
  depends:
  - ucrt >=10.0.20348.0
  - vc >=14.3,<15
  - vc14_runtime >=14.44.35208
  license: bzip2-1.0.6
  license_family: BSD
  purls: []
  run_exports:
    weak:
    - bzip2 >=1.0.8,<2.0a0
  size: 55919
  timestamp: 1785906343696
- conda: https://conda.anaconda.org/conda-forge/win-64/cgal-cpp-6.0.1-hc4f255e_1.conda
  sha256: a1f688c4534805745ecdf5af56693e51cc9f08ca229aa0833b9bcd8d38809319
  md5: 1d24d2a3da87350a846ab3bdbd4b9396
  depends:
  - eigen
  - libboost >=1.88.0,<1.89.0a0
  - libboost-devel
  - mpfr >=4.2.1,<5.0a0
  - ucrt >=10.0.20348.0
  - vc >=14.3,<15
  - vc14_runtime >=14.44.35208
  license: GPL3/LGPL3
  run_exports: {}
  size: 5890254
  timestamp: 1753275328387
- conda: https://conda.anaconda.org/conda-forge/win-64/cmake-4.4.3-hde52c71_0.conda
  sha256: 447798cce376cee0786493001f462a6fa1e0b92569ba61e22bc4bd616f4677ce
  md5: d84935f4eeff21b757e73b3d364084c1
  depends:
  - vc14_runtime >=14.44.35208
  - ucrt >=10.0.20348.0
  - zstd >=1.5.7,<1.6.0a0
  - libcurl >=8.21.0,<9.0a0
  - libzlib >=1.3.2,<2.0a0
  - bzip2 >=1.0.8,<2.0a0
  - libexpat >=2.8.1,<3.0a0
  - liblzma >=5.8.3,<6.0a0
  - libuv >=1.52.1,<2.0a0
  license: BSD-3-Clause
  license_family: BSD
  run_exports: {}
  size: 17928844
  timestamp: 1787711126843
- conda: https://conda.anaconda.org/conda-forge/win-64/eigen-5.0.1-h5112557_3.conda
  sha256: bb68626fe848e2857c1e2620b0658264fd186241beb0806c1e6c1e79d6d7c79d
  md5: 655faee6689159bd9f0dbecdec357e75
  license: MPL-2.0
  license_family: MOZILLA
  run_exports: {}
  size: 1308604
  timestamp: 1788951324422
- conda: https://conda.anaconda.org/conda-forge/win-64/gmp-6.3.0-hbc858fe_3.conda
  sha256: 4d5c62e6694cfc3433fb6fa09bb238db078204a19b16ee7f922073da6fd0220f
  md5: 76fbd5f1d82be5685deb7bbe4690bdf9
  depends:
  - libwinpthread >=12.0.0.r4.gg4f2fc60ca
  - libgcc >=14
  - ucrt >=10.0.20348.0
  constrains:
  - mpir <0.0a0
  license: GPL-2.0-or-later OR LGPL-3.0-or-later
  run_exports:
    weak:
    - gmp >=6.3.0,<7.0a0
  size: 564818
  timestamp: 1786629157536
- conda: https://conda.anaconda.org/conda-forge/win-64/icu-78.3-h5112557_2.conda
  sha256: 75c549b55b673e15de8785a8e5dd85bca7eb612eee0ff4dc8d7bdaa15eacbdbb
  md5: e596942e8ee6ee17fdcf1e6a77757a66
  depends:
  - vc >=14.3,<15
  - vc14_runtime >=14.44.35208
  - ucrt >=10.0.20348.0
  license: MIT
  license_family: MIT
  run_exports:
    weak:
    - icu >=78.3,<79.0a0
  size: 16835644
  timestamp: 1784916416303
- conda: https://conda.anaconda.org/conda-forge/win-64/krb5-1.22.2-h719d79b_2.conda
  sha256: 63ff03324e903eb01a715ccf357df56d66224e61952fd6615d86490ebefb3285
  md5: 93f5a01dec294a2228f757fe2f3432d4
  depends:
  - openssl >=3.5.7,<4.0a0
  - ucrt >=10.0.20348.0
  - vc >=14.3,<15
  - vc14_runtime >=14.44.35208
  license: MIT
  license_family: MIT
  run_exports:
    weak:
    - krb5 >=1.22.2,<1.23.0a0
  size: 753425
  timestamp: 1786762169034
- conda: https://conda.anaconda.org/conda-forge/win-64/libblas-3.11.0-11_h8455456_mkl.conda
  build_number: 11
  sha256: 51a38b02bacb5a4b546d41aeb0f7921ee85c0ec1009fdcb58635bcad06f2eb1a
  md5: a63c8b08343d276a552c395f495987fa
  depends:
  - mkl >=2026.1.0,<2027.0a0
  constrains:
  - blas 2.311   mkl
  - libcblas   3.11.0   11*_mkl
  - liblapack  3.11.0   11*_mkl
  - liblapacke 3.11.0   11*_mkl
  license: BSD-3-Clause
  license_family: BSD
  run_exports:
    weak:
    - libblas >=3.11.0,<4.0a0
  size: 67059
  timestamp: 1789061341346
- conda: https://conda.anaconda.org/conda-forge/win-64/libboost-1.88.0-h9dfe17d_7.conda
  sha256: fad63bb3b722d4fc50c8258fc30402970ad36baf73edd87c1b647bdd6aed3f04
  md5: e13bc25d81b0132a0c51eb5cc179b0e9
  depends:
  - bzip2 >=1.0.8,<2.0a0
  - libiconv >=1.18,<2.0a0
  - liblzma >=5.8.1,<6.0a0
  - libzlib >=1.3.1,<2.0a0
  - ucrt >=10.0.20348.0
  - vc >=14.3,<15
  - vc14_runtime >=14.44.35208
  - zstd >=1.5.7,<1.6.0a0
  constrains:
  - boost-cpp <0.0a0
  - __win ==0|>=10
  license: BSL-1.0
  run_exports: {}
  size: 2404502
  timestamp: 1766348533008
- conda: https://conda.anaconda.org/conda-forge/win-64/libboost-devel-1.88.0-h1c1089f_7.conda
  sha256: b68a3d2d10f1837f8c4c1029a70e4beeab8740e9f22de081caac8efcd7b0b8d3
  md5: 1706ad0abc99f425edac178d4bd91f8d
  depends:
  - libboost 1.88.0 h9dfe17d_7
  - libboost-headers 1.88.0 h57928b3_7
  constrains:
  - boost-cpp <0.0a0
  license: BSL-1.0
  run_exports:
    weak:
    - libboost >=1.88.0,<1.89.0a0
  size: 42557
  timestamp: 1766348731376
- conda: https://conda.anaconda.org/conda-forge/win-64/libboost-headers-1.88.0-h57928b3_7.conda
  sha256: 64109e62262e5b4a2125a2a44edc087d0443b2dbd2dd1cabf7442b3e32a1be35
  md5: e7fb10a0c6fa8639eaa61ee453dfe90f
  constrains:
  - boost-cpp <0.0a0
  license: BSL-1.0
  run_exports: {}
  size: 14701109
  timestamp: 1766348593737
- conda: https://conda.anaconda.org/conda-forge/win-64/libcblas-3.11.0-11_h2a3cdd5_mkl.conda
  build_number: 11
  sha256: 9a2d431ead1463a7a96a38bedc901705c325c5bbafd7a2bcc5a198fbfcdea29e
  md5: c9f8a732af97d55997f9ac6d0c02e3f2
  depends:
  - libblas 3.11.0 11_h8455456_mkl
  constrains:
  - blas 2.311   mkl
  - liblapack  3.11.0   11*_mkl
  - liblapacke 3.11.0   11*_mkl
  license: BSD-3-Clause
  license_family: BSD
  run_exports:
    weak:
    - libcblas >=3.11.0,<4.0a0
  size: 67465
  timestamp: 1789061353350
- conda: https://conda.anaconda.org/conda-forge/win-64/libcurl-8.22.0-hdb0ef4a_0.conda
  sha256: 5fe063cffa90ad3ef04e25c76b1a79cdbc4f6c43747164a7dcdd89c4faebb84e
  md5: e8405e754eaac42d66f957222fcfd876
  depends:
  - krb5 >=1.22.2,<1.23.0a0
  - libpsl >=0.23.1,<0.24.0a0
  - libssh2 >=1.11.1,<2.0a0
  - libzlib >=1.3.2,<2.0a0
  - ucrt >=10.0.20348.0
  - vc >=14.3,<15
  - vc14_runtime >=14.44.35208
  license: curl
  license_family: MIT
  run_exports:
    weak:
    - libcurl >=8.22.0,<9.0a0
  size: 413226
  timestamp: 1788340784214
- conda: https://conda.anaconda.org/conda-forge/win-64/libexpat-2.8.1-hac47afa_1.conda
  sha256: 1a54d874addda73b6f7164d5f3905821277a1831bcc05edd74b3085391688571
  md5: ccc490c81ffe14181861beac0e8f3169
  depends:
  - ucrt >=10.0.20348.0
  - vc >=14.3,<15
  - vc14_runtime >=14.44.35208
  constrains:
  - expat 2.8.1.*
  license: MIT
  license_family: MIT
  purls: []
  run_exports: {}
  size: 71631
  timestamp: 1781203724164
- conda: https://conda.anaconda.org/conda-forge/win-64/libffi-3.7.0-h3d046cb_1.conda
  sha256: 613e8077c5cca5df7fe84ade7d5050301bee3c6c4c450ffe61d34a349ab4f11c
  md5: ceb38b0ba900847d8da4289c3c8e5708
  depends:
  - ucrt >=10.0.20348.0
  - vc >=14.3,<15
  - vc14_runtime >=14.44.35208
  license: MIT
  license_family: MIT
  purls: []
  run_exports:
    weak:
    - libffi >=3.7.0,<3.8.0a0
  size: 49992
  timestamp: 1787753517346
- conda: https://conda.anaconda.org/conda-forge/win-64/libgcc-16.2.0-h110b43a_4.conda
  sha256: 32c0d1adcc96835d5f681c7e72b7f5e2e30088149239e002b8a6f581a072e1d2
  md5: 02793cf48b68687fee158a48c92850a6
  depends:
  - _openmp_mutex >=4.5
  - libwinpthread >=12.0.0.r4.gg4f2fc60ca
  constrains:
  - libgcc-ng ==16.2.0=*_4
  - libgomp 16.2.0 h8ee18e1_4
  - msys2-conda-epoch <0.0a0
  license: GPL-3.0-only WITH GCC-exception-3.1
  license_family: GPL
  run_exports: {}
  size: 826694
  timestamp: 1787625780171
- conda: https://conda.anaconda.org/conda-forge/win-64/libgomp-16.2.0-h8ee18e1_4.conda
  sha256: 9ef1a22fb50b31fbf9c01cf709e8f55b60fd3c02401d150be4a55943f9e3832f
  md5: 91189f0bc9ff21f385fcda6232346612
  depends:
  - libwinpthread >=12.0.0.r4.gg4f2fc60ca
  constrains:
  - msys2-conda-epoch <0.0a0
  license: GPL-3.0-only WITH GCC-exception-3.1
  license_family: GPL
  run_exports:
    strong:
    - _openmp_mutex >=4.5
    - libgomp >=16.2.0
  size: 688168
  timestamp: 1787625720312
- conda: https://conda.anaconda.org/conda-forge/win-64/libhwloc-2.13.0-default_h049141e_1000.conda
  sha256: 2ee12e37223dfcd0acd050c80a91150c482b6e2899198521e1800dce66662467
  md5: 6a01c986e30292c715038d2788aa1385
  depends:
  - libwinpthread >=12.0.0.r4.gg4f2fc60ca
  - libxml2
  - libxml2-16 >=2.14.6
  - ucrt >=10.0.20348.0
  - vc >=14.3,<15
  - vc14_runtime >=14.44.35208
  license: BSD-3-Clause
  license_family: BSD
  run_exports:
    weak:
    - libhwloc >=2.13.0,<2.13.1.0a0
  size: 2396128
  timestamp: 1770954127918
- conda: https://conda.anaconda.org/conda-forge/win-64/libiconv-1.18-hc1393d2_3.conda
  sha256: 35e04e3ddac7720fc7c550a1c9f998604299d6a7bd1f3ec9b2825d825061daa2
  md5: a8a2abdf0f901bc4779d9b7be0845921
  depends:
  - ucrt >=10.0.20348.0
  - vc >=14.3,<15
  - vc14_runtime >=14.44.35208
  license: LGPL-2.1-only
  run_exports:
    weak:
    - libiconv >=1.18,<2.0a0
  size: 694899
  timestamp: 1787033851701
- conda: https://conda.anaconda.org/conda-forge/win-64/liblapack-3.11.0-11_hf9ab0e9_mkl.conda
  build_number: 11
  sha256: 460a2b9896bbee9a3cdfef26d1fdce056028291eef104564082de9e9f566bba6
  md5: 79bdf20fd2666b8a3485a6021c935b3a
  depends:
  - libblas 3.11.0 11_h8455456_mkl
  constrains:
  - blas 2.311   mkl
  - libcblas   3.11.0   11*_mkl
  - liblapacke 3.11.0   11*_mkl
  license: BSD-3-Clause
  license_family: BSD
  run_exports:
    weak:
    - liblapack >=3.11.0,<3.12.0a0
  size: 79503
  timestamp: 1789061364082
- conda: https://conda.anaconda.org/conda-forge/win-64/liblzma-5.8.3-hfd05255_1.conda
  sha256: d36c4a1e1f80fd08e18a407e03622ff2f34dfdd022da6488ad19603dea19e6d5
  md5: 880a0c8549479b198af21ba5dc49b109
  depends:
  - ucrt >=10.0.20348.0
  - vc >=14.3,<15
  - vc14_runtime >=14.44.35208
  constrains:
  - xz 5.8.3.*
  license: 0BSD
  purls: []
  run_exports:
    weak:
    - liblzma >=5.8.3,<6.0a0
  size: 105809
  timestamp: 1786348717883
- conda: https://conda.anaconda.org/conda-forge/win-64/libpsl-0.23.1-h9b16d47_1.conda
  sha256: e53fe3b09f82b59b644264133d6d148ac31bb5451b7583cff55690bf038f2f62
  md5: 39cdf8c4f59e4d253cfa8091c8b3d7de
  depends:
  - vc >=14.3,<15
  - vc14_runtime >=14.44.35208
  - ucrt >=10.0.20348.0
  - icu >=78.3,<79.0a0
  license: MIT
  license_family: MIT
  run_exports:
    weak:
    - libpsl >=0.23.1,<0.24.0a0
  size: 73511
  timestamp: 1786970749988
- conda: https://conda.anaconda.org/conda-forge/win-64/libpython-3.11.16-hcc31f7b_2_cpython.conda
  build_number: 2
  sha256: 04f062b03acf1ddc4beec719f96e55f1d2e7fb95f5ec9b165a2842fd8f477b59
  md5: 10fade090385803157f532053aca2c74
  depends:
  - ucrt >=10.0.20348.0
  - vc >=14.3,<15
  - vc14_runtime >=14.44.35208
  license: Python-2.0
  run_exports: {}
  size: 48658
  timestamp: 1788391959103
- conda: https://conda.anaconda.org/conda-forge/win-64/libsqlite-3.53.4-hf5d6505_1.conda
  sha256: 0a45d7c0f20146fff787a106f8fa187872e309c70975ff8f0936e188914c26ad
  md5: a72d495965b144bb7da033642d389047
  depends:
  - ucrt >=10.0.20348.0
  - vc >=14.3,<15
  - vc14_runtime >=14.44.35208
  license: blessing
  purls: []
  run_exports:
    weak:
    - libsqlite >=3.53.4,<4.0a0
  size: 1314919
  timestamp: 1787051140039
- conda: https://conda.anaconda.org/conda-forge/win-64/libssh2-1.11.1-h734d217_1.conda
  sha256: 1097b08429b4f53f5751a32c6d99a083d227ca7f7812c0b239eea124cec073a0
  md5: a21dd9ca39e74910bb96989feb916420
  depends:
  - libzlib >=1.3.2,<2.0a0
  - openssl >=3.5.7,<4.0a0
  - ucrt >=10.0.20348.0
  - vc >=14.3,<15
  - vc14_runtime >=14.44.35208
  license: BSD-3-Clause
  license_family: BSD
  run_exports:
    weak:
    - libssh2 >=1.11.1,<2.0a0
  size: 295149
  timestamp: 1786713186180
- conda: https://conda.anaconda.org/conda-forge/win-64/libuv-1.52.1-h6a83c73_1.conda
  sha256: 0d62467380061cd0fa4b27e579c805a95c7ef55a41ecb067de0c4d2d42490c66
  md5: 4ccef39545e98553cc900ea557dff085
  depends:
  - vc >=14.3,<15
  - vc14_runtime >=14.44.35208
  - ucrt >=10.0.20348.0
  license: MIT
  license_family: MIT
  run_exports:
    weak:
    - libuv >=1.52.1,<2.0a0
  size: 331195
  timestamp: 1785914602690
- conda: https://conda.anaconda.org/conda-forge/win-64/libwinpthread-12.0.0.r4.gg4f2fc60ca-h57928b3_10.conda
  sha256: 0fccf2d17026255b6e10ace1f191d0a2a18f2d65088fd02430be17c701f8ffe0
  md5: 8a86073cf3b343b87d03f41790d8b4e5
  depends:
  - ucrt
  constrains:
  - pthreads-win32 <0.0a0
  - msys2-conda-epoch <0.0a0
  license: MIT AND BSD-3-Clause-Clear
  run_exports: {}
  size: 36621
  timestamp: 1759768399557
- conda: https://conda.anaconda.org/conda-forge/win-64/libxml2-16-2.15.4-h3cfd58e_0.conda
  sha256: 9fa71cec30425c9cc8eda6af3574af1faf4fefa5e239c9e037b1f778ef3ce8ac
  md5: bab5489f4bd38494ffaa83d6ab924c1f
  depends:
  - icu >=78.3,<79.0a0
  - libiconv >=1.18,<2.0a0
  - liblzma >=5.8.3,<6.0a0
  - libzlib >=1.3.2,<2.0a0
  - ucrt >=10.0.20348.0
  - vc >=14.3,<15
  - vc14_runtime >=14.44.35208
  constrains:
  - libxml2 2.15.4
  license: MIT
  license_family: MIT
  run_exports: {}
  size: 515800
  timestamp: 1788635268845
- conda: https://conda.anaconda.org/conda-forge/win-64/libxml2-2.15.4-he095d88_0.conda
  sha256: a19bb3821830f6b1281e782844d5dd265f796dfed2e4812b16c9995a8c778c88
  md5: 3ce54d0f8f24dfab99d82414411640aa
  depends:
  - icu >=78.3,<79.0a0
  - libiconv >=1.18,<2.0a0
  - liblzma >=5.8.3,<6.0a0
  - libxml2-16 2.15.4 h3cfd58e_0
  - libzlib >=1.3.2,<2.0a0
  - ucrt >=10.0.20348.0
  - vc >=14.3,<15
  - vc14_runtime >=14.44.35208
  license: MIT
  license_family: MIT
  run_exports:
    weak:
    - libxml2
    - libxml2-16 >=2.15.4
  size: 43845
  timestamp: 1788635276599
- conda: https://conda.anaconda.org/conda-forge/win-64/libzlib-1.3.2-hfd05255_3.conda
  sha256: 0629c2cc0404d3bb29d6baa7b4ba62da80797015e86de050db81ea5a07050527
  md5: 5d2ff29d465097458cc3ff6569151991
  depends:
  - ucrt >=10.0.20348.0
  - vc >=14.3,<15
  - vc14_runtime >=14.44.35208
  constrains:
  - zlib 1.3.2 *_3
  license: Zlib
  license_family: Other
  purls: []
  run_exports:
    weak:
    - libzlib >=1.3.2,<2.0a0
  size: 58529
  timestamp: 1785276664143
- conda: https://conda.anaconda.org/conda-forge/win-64/llvm-openmp-23.1.1-h49e36cd_0.conda
  sha256: 49b0967e84eae82cc2acaf4400629c7b9c08a491b9c8d3343f3f5f2feee7138d
  md5: f895db3df946e742c3ce07cfce271bdd
  depends:
  - ucrt >=10.0.20348.0
  - vc >=14.3,<15
  - vc14_runtime >=14.44.35208
  constrains:
  - intel-openmp <0.0a0
  - openmp 23.1.1|23.1.1.*
  license: Apache-2.0 WITH LLVM-exception
  license_family: APACHE
  run_exports:
    strong:
    - llvm-openmp >=23.1.1
  size: 343428
  timestamp: 1788967655621
- conda: https://conda.anaconda.org/conda-forge/win-64/mkl-2026.1.0-hac47afa_235.conda
  sha256: bb8abe071f73765446df62924031e6599577e8ac9003264dc4569e78c0fea16d
  md5: ace316c48c178d7faa403dee51e30c7b
  depends:
  - llvm-openmp >=22.1.8
  - tbb >=2023.0.0
  - ucrt >=10.0.20348.0
  - vc >=14.3,<15
  - vc14_runtime >=14.44.35208
  license: LicenseRef-IntelSimplifiedSoftwareOct2022
  license_family: Proprietary
  run_exports: {}
  size: 114686732
  timestamp: 1787725739779
- conda: https://conda.anaconda.org/conda-forge/win-64/mpfr-4.2.2-hb393127_1.conda
  sha256: 8d2a8450dc7a45f712ae49e9ea4e97c8870314b22cda65a421c3553941148518
  md5: b661ac80301131ab5db380a5b0d3f6de
  depends:
  - gmp >=6.3.0,<7.0a0
  - libgcc >=15
  - libwinpthread >=12.0.0.r4.gg4f2fc60ca
  - ucrt >=10.0.20348.0
  license: LGPL-3.0-only
  license_family: LGPL
  run_exports:
    weak:
    - mpfr >=4.2.2,<5.0a0
  size: 742091
  timestamp: 1787237139119
- conda: https://conda.anaconda.org/conda-forge/win-64/ninja-1.13.2-h477610d_1.conda
  sha256: 002bce37e87e39c6a1e5577b1018d294cd4517ba9c4be2ece92e5706acac41f5
  md5: 3a6804d04ecaf02987a075d5faf34877
  depends:
  - vc >=14.3,<15
  - vc14_runtime >=14.44.35208
  - ucrt >=10.0.20348.0
  license: Apache-2.0
  license_family: APACHE
  run_exports: {}
  size: 309772
  timestamp: 1786713090968
- conda: https://conda.anaconda.org/conda-forge/win-64/numpy-2.2.6-py311h5e411d1_0.conda
  sha256: f4ea606273089836e4b2b2355209142c1514d8bf103346ed435e85008df0804d
  md5: 6612dfa4e68dd90c539f2e9f40a42514
  depends:
  - libblas >=3.9.0,<4.0a0
  - libcblas >=3.9.0,<4.0a0
  - liblapack >=3.9.0,<4.0a0
  - python >=3.11,<3.12.0a0
  - python_abi 3.11.* *_cp311
  - ucrt >=10.0.20348.0
  - vc >=14.2,<15
  - vc14_runtime >=14.29.30139
  constrains:
  - numpy-base <0a0
  license: BSD-3-Clause
  license_family: BSD
  run_exports:
    weak:
    - numpy >=1.21,<3
  size: 7800740
  timestamp: 1747545419079
- conda: https://conda.anaconda.org/conda-forge/win-64/openssl-3.6.4-hf411b9b_0.conda
  sha256: 9dddb559ba49744d5d94092d8d13cb0567f5c3b3f439f3acf28433d1f4256acc
  md5: 73cb1783f47c452be4c309430fbef89f
  depends:
  - ca-certificates
  - ucrt >=10.0.20348.0
  - vc >=14.3,<15
  - vc14_runtime >=14.44.35208
  license: Apache-2.0
  license_family: Apache
  purls: []
  run_exports:
    weak:
    - openssl >=3.6.4,<4.0a0
  size: 9474879
  timestamp: 1787699876495
- conda: https://conda.anaconda.org/conda-forge/win-64/python-3.10.21-hc20f281_0_cpython.conda
  sha256: 5fdfb98ba1a884e2f701fec9b0f59350281c9f160d193721bb3d502fcdebafbd
  md5: c5591007fa429194271251d0354b3d84
  depends:
  - bzip2 >=1.0.8,<2.0a0
  - libexpat >=2.8.1,<3.0a0
  - libffi >=3.4,<4.0a0
  - liblzma >=5.8.3,<6.0a0
  - libsqlite >=3.53.4,<4.0a0
  - libzlib >=1.3.2,<2.0a0
  - openssl >=3.5.7,<4.0a0
  - tk >=8.6.13,<8.7.0a0
  - tzdata
  - ucrt >=10.0.20348.0
  - vc >=14.3,<15
  - vc14_runtime >=14.44.35208
  constrains:
  - python_abi 3.10.* *_cp310
  license: Python-2.0
  purls: []
  run_exports:
    weak:
    - python_abi 3.10.* *_cp310
    noarch:
    - python
  size: 16146296
  timestamp: 1787352131213
- conda: https://conda.anaconda.org/conda-forge/win-64/python-3.11.16-hb12b558_2_cpython.conda
  build_number: 2
  sha256: f8c7ba41d2bafe4b9f0be3f8f13a399dae76f5b83e679f63d86a26e8527f7c7a
  md5: 253b0adaeefbea921fe6982124be0e64
  depends:
  - bzip2 >=1.0.8,<2.0a0
  - libexpat >=2.8.1,<3.0a0
  - libffi >=3.7.0,<3.8.0a0
  - liblzma >=5.8.3,<6.0a0
  - libpython 3.11.16 hcc31f7b_2_cpython
  - libsqlite >=3.53.4,<4.0a0
  - libzlib >=1.3.2,<2.0a0
  - openssl >=3.5.8,<4.0a0
  - tk >=8.6.13,<8.7.0a0
  - tzdata
  - ucrt >=10.0.20348.0
  - vc >=14.3,<15
  - vc14_runtime >=14.44.35208
  constrains:
  - python_abi 3.11.* *_cp311
  license: Python-2.0
  run_exports:
    weak:
    - python_abi 3.11.* *_cp311
    noarch:
    - python
  size: 18442021
  timestamp: 1788392017572
- conda: https://conda.anaconda.org/conda-forge/win-64/tbb-2023.1.0-hdcfe883_0.conda
  sha256: 7a65accbe954d0304b9056005f59fbee8b3928ceced38b1e3e8272aa1af0b750
  md5: 8b1275f06705cdc2ab67f3bfdf4df843
  depends:
  - libhwloc >=2.13.0,<2.13.1.0a0
  - ucrt >=10.0.20348.0
  - vc >=14.3,<15
  - vc14_runtime >=14.44.35208
  license: Apache-2.0
  license_family: APACHE
  run_exports: {}
  size: 157295
  timestamp: 1788879168472
- conda: https://conda.anaconda.org/conda-forge/win-64/tk-8.6.13-h967ab96_4.conda
  sha256: f19618a3a82cc483dacf1c70a30367ee7b0c7e71b90f1f80e14feff44fbd3688
  md5: dd9eb33c99d352b6356f86964d6040f7
  depends:
  - vc >=14.3,<15
  - vc14_runtime >=14.44.35208
  - ucrt >=10.0.20348.0
  license: TCL
  purls: []
  run_exports:
    weak:
    - tk >=8.6.13,<8.7.0a0
  size: 3782376
  timestamp: 1787272860855
- conda: https://conda.anaconda.org/conda-forge/win-64/ucrt-10.0.26100.0-h57928b3_0.conda
  sha256: 3005729dce6f3d3f5ec91dfc49fc75a0095f9cd23bab49efb899657297ac91a5
  md5: 71b24316859acd00bdb8b38f5e2ce328
  constrains:
  - vc14_runtime >=14.29.30037
  - vs2015_runtime >=14.29.30037
  license: LicenseRef-MicrosoftWindowsSDK10
  purls: []
  run_exports: {}
  size: 694692
  timestamp: 1756385147981
- conda: https://conda.anaconda.org/conda-forge/win-64/vc-14.5-ha367084_41.conda
  sha256: 35444c55a92e2f7f7ba26bc70f81e56e52344f7d064c0fd4b40a46a58517b79c
  md5: aa805b5522c2a98fa286e551a1f48546
  depends:
  - vc14_runtime >=14.51.36247
  track_features:
  - vc14
  license: BSD-3-Clause
  license_family: BSD
  purls: []
  run_exports: {}
  size: 21383
  timestamp: 1785359368566
- conda: https://conda.anaconda.org/conda-forge/win-64/vc14_runtime-14.51.36247-habf1de7_41.conda
  sha256: 4e4cb599cdc41bf2109d1464c127b5bcbddf548ce3e322e612afb691338b48f8
  md5: ac5333bb3d429361f23adf704cc49a78
  depends:
  - ucrt >=10.0.20348.0
  - vcomp14 14.51.36247 habf1de7_41
  constrains:
  - vs2015_runtime 14.51.36247.* *_41
  license: LicenseRef-MicrosoftVisualCpp2015-2022Runtime
  license_family: Proprietary
  purls: []
  run_exports: {}
  size: 767955
  timestamp: 1785359364369
- conda: https://conda.anaconda.org/conda-forge/win-64/vcomp14-14.51.36247-habf1de7_41.conda
  sha256: 731e043390c9457299484d39e427221fc868a9249540a498a5a4f6456c7744d1
  md5: 350bb67a5c8e5f1c53347ac544ab6600
  depends:
  - ucrt >=10.0.20348.0
  constrains:
  - vs2015_runtime 14.51.36247.* *_41
  license: LicenseRef-MicrosoftVisualCpp2015-2022Runtime
  license_family: Proprietary
  purls: []
  run_exports:
    strong:
    - vcomp14 >=14.51.36247
  size: 155910
  timestamp: 1785359349999
- conda: https://conda.anaconda.org/conda-forge/win-64/zstd-1.5.7-h534d264_7.conda
  sha256: ca7daae4f218a11fab82cc2857f0ea518ec3f46acec60490485347a4c22c6b3e
  md5: e4ac308c39d6d0e131154976da67cf3b
  depends:
  - vc >=14.3,<15
  - vc14_runtime >=14.44.35208
  - ucrt >=10.0.20348.0
  - libzlib >=1.3.2,<2.0a0
  license: BSD-3-Clause
  license_family: BSD
  run_exports:
    weak:
    - zstd >=1.5.7,<1.6.0a0
  size: 387535
  timestamp: 1786599623274
- pypi: https://files.pythonhosted.org/packages/3e/2d/ca050652104bab2cf55e569db2a178b1b61cb041fef28307f2db383f6d9f/imageio-2.37.4-py3-none-any.whl
  name: imageio
  version: 2.37.4
  sha256: 1ab2e22c8debf700f24c3ac43e8f95f3b3a8110c83b93411e97b4b0b2cd1c7e6
  requires_dist:
  - numpy
  - pillow>=8.3.2
  - imageio-ffmpeg ; extra == 'ffmpeg'
  - psutil ; extra == 'ffmpeg'
  - fsspec[http] ; extra == 'freeimage'
  - pillow-heif ; extra == 'pillow-heif'
  - tifffile ; extra == 'tifffile'
  - av ; extra == 'pyav'
  - astropy ; extra == 'fits'
  - rawpy ; extra == 'rawpy'
  - numpy>2 ; extra == 'rawpy'
  - gdal ; extra == 'gdal'
  - itk ; extra == 'itk'
  - black ; extra == 'linting'
  - flake8 ; extra == 'linting'
  - pytest ; extra == 'test'
  - pytest-cov ; extra == 'test'
  - fsspec[github] ; extra == 'test'
  - sphinx<6 ; extra == 'docs'
  - numpydoc ; extra == 'docs'
  - pydata-sphinx-theme ; extra == 'docs'
  - pytest ; extra == 'dev'
  - pytest-cov ; extra == 'dev'
  - fsspec[github] ; extra == 'dev'
  - black ; extra == 'dev'
  - flake8 ; extra == 'dev'
  - av ; extra == 'all-plugins'
  - astropy ; extra == 'all-plugins'
  - fsspec[http] ; extra == 'all-plugins'
  - imageio-ffmpeg ; extra == 'all-plugins'
  - numpy>2 ; extra == 'all-plugins'
  - pillow-heif ; extra == 'all-plugins'
  - psutil ; extra == 'all-plugins'
  - rawpy ; extra == 'all-plugins'
  - tifffile ; extra == 'all-plugins'
  - fsspec[http] ; extra == 'all-plugins-pypy'
  - imageio-ffmpeg ; extra == 'all-plugins-pypy'
  - pillow-heif ; extra == 'all-plugins-pypy'
  - psutil ; extra == 'all-plugins-pypy'
  - astropy ; extra == 'full'
  - av ; extra == 'full'
  - black ; extra == 'full'
  - flake8 ; extra == 'full'
  - fsspec[github,http] ; extra == 'full'
  - imageio-ffmpeg ; extra == 'full'
  - numpydoc ; extra == 'full'
  - numpy>2 ; extra == 'full'
  - pillow-heif ; extra == 'full'
  - psutil ; extra == 'full'
  - pydata-sphinx-theme ; extra == 'full'
  - pytest ; extra == 'full'
  - pytest-cov ; extra == 'full'
  - rawpy ; extra == 'full'
  - sphinx<6 ; extra == 'full'
  - tifffile ; extra == 'full'
  requires_python: '>=3.10'
- pypi: https://files.pythonhosted.org/packages/48/7c/8fa0039574c476d7c6fa57dd7c32a130436877c6ec1e5ce1cc8ec44878c1/pillow-12.3.0-cp310-cp310-win_amd64.whl
  name: pillow
  version: 12.3.0
  sha256: 300557495eb45ebb8aec96c2da9c4be642fbf7cd937278b4013ba894ea8eb0eb
  requires_dist:
  - furo ; extra == 'docs'
  - olefile ; extra == 'docs'
  - sphinx>=8.2 ; extra == 'docs'
  - sphinx-autobuild ; extra == 'docs'
  - sphinx-copybutton ; extra == 'docs'
  - sphinx-inline-tabs ; extra == 'docs'
  - sphinxext-opengraph ; extra == 'docs'
  - olefile ; extra == 'fpx'
  - olefile ; extra == 'mic'
  - arro3-compute ; extra == 'test-arrow'
  - arro3-core ; extra == 'test-arrow'
  - nanoarrow ; extra == 'test-arrow'
  - pyarrow ; extra == 'test-arrow'
  - coverage>=7.4.2 ; extra == 'tests'
  - defusedxml ; extra == 'tests'
  - markdown2 ; extra == 'tests'
  - olefile ; extra == 'tests'
  - packaging ; extra == 'tests'
  - pytest ; extra == 'tests'
  - pytest-cov ; extra == 'tests'
  - pytest-timeout ; extra == 'tests'
  - pytest-xdist ; extra == 'tests'
  - setuptools ; extra == 'tests'
  - trove-classifiers>=2024.10.12 ; extra == 'tests'
  - defusedxml ; extra == 'xmp'
  requires_python: '>=3.10'
- pypi: https://files.pythonhosted.org/packages/5d/06/bd0a6097da704a7a7c34a94cfd771c3ea3c2f405dd214e790d22c93f6be1/tifffile-2025.5.10-py3-none-any.whl
  name: tifffile
  version: 2025.5.10
  sha256: e37147123c0542d67bc37ba5cdd67e12ea6fbe6e86c52bee037a9eb6a064e5ad
  requires_dist:
  - numpy
  - imagecodecs>=2024.12.30 ; extra == 'codecs'
  - defusedxml ; extra == 'xml'
  - lxml ; extra == 'xml'
  - zarr<3 ; extra == 'zarr'
  - fsspec ; extra == 'zarr'
  - matplotlib ; extra == 'plot'
  - imagecodecs>=2024.12.30 ; extra == 'all'
  - matplotlib ; extra == 'all'
  - defusedxml ; extra == 'all'
  - lxml ; extra == 'all'
  - zarr<3 ; extra == 'all'
  - fsspec ; extra == 'all'
  - pytest ; extra == 'test'
  - imagecodecs ; extra == 'test'
  - czifile ; extra == 'test'
  - cmapfile ; extra == 'test'
  - oiffile ; extra == 'test'
  - lfdfiles ; extra == 'test'
  - psdtags ; extra == 'test'
  - roifile ; extra == 'test'
  - lxml ; extra == 'test'
  - zarr<3 ; extra == 'test'
  - dask ; extra == 'test'
  - xarray ; extra == 'test'
  - fsspec ; extra == 'test'
  - defusedxml ; extra == 'test'
  - ndtiff ; extra == 'test'
  requires_python: '>=3.10'
- pypi: https://files.pythonhosted.org/packages/5f/ee/c53a009e3997dda9d285402f19226fbd17b5b3cb215da391c4ed084a1424/scikit_image-0.25.2-cp310-cp310-win_amd64.whl
  name: scikit-image
  version: 0.25.2
  sha256: 60516257c5a2d2f74387c502aa2f15a0ef3498fbeaa749f730ab18f0a40fd054
  requires_dist:
  - numpy>=1.24
  - scipy>=1.11.4
  - networkx>=3.0
  - pillow>=10.1
  - imageio>=2.33,!=2.35.0
  - tifffile>=2022.8.12
  - packaging>=21
  - lazy-loader>=0.4
  - meson-python>=0.16 ; extra == 'build'
  - ninja>=1.11.1.1 ; extra == 'build'
  - cython>=3.0.8 ; extra == 'build'
  - pythran>=0.16 ; extra == 'build'
  - numpy>=2.0 ; extra == 'build'
  - spin==0.13 ; extra == 'build'
  - build>=1.2.1 ; extra == 'build'
  - pooch>=1.6.0 ; extra == 'data'
  - pre-commit ; extra == 'developer'
  - ipython ; extra == 'developer'
  - tomli ; python_full_version < '3.11' and extra == 'developer'
  - sphinx>=8.0 ; extra == 'docs'
  - sphinx-gallery[parallel]>=0.18 ; extra == 'docs'
  - numpydoc>=1.7 ; extra == 'docs'
  - sphinx-copybutton ; extra == 'docs'
  - matplotlib>=3.7 ; extra == 'docs'
  - dask[array]>=2023.2.0 ; extra == 'docs'
  - pandas>=2.0 ; extra == 'docs'
  - seaborn>=0.11 ; extra == 'docs'
  - pooch>=1.6 ; extra == 'docs'
  - tifffile>=2022.8.12 ; extra == 'docs'
  - myst-parser ; extra == 'docs'
  - intersphinx-registry>=0.2411.14 ; extra == 'docs'
  - ipywidgets ; extra == 'docs'
  - ipykernel ; extra == 'docs'
  - plotly>=5.20 ; extra == 'docs'
  - kaleido==0.2.1 ; extra == 'docs'
  - scikit-learn>=1.2 ; extra == 'docs'
  - sphinx-design>=0.5 ; extra == 'docs'
  - pydata-sphinx-theme>=0.16 ; extra == 'docs'
  - pywavelets>=1.6 ; extra == 'docs'
  - pytest-doctestplus ; extra == 'docs'
  - simpleitk ; extra == 'optional'
  - astropy>=5.0 ; extra == 'optional'
  - cloudpickle>=1.1.1 ; extra == 'optional'
  - dask[array]>=2023.2.0 ; extra == 'optional'
  - matplotlib>=3.7 ; extra == 'optional'
  - pooch>=1.6.0 ; extra == 'optional'
  - pyamg>=5.2 ; extra == 'optional'
  - pywavelets>=1.6 ; extra == 'optional'
  - scikit-learn>=1.2 ; extra == 'optional'
  - asv ; extra == 'test'
  - numpydoc>=1.7 ; extra == 'test'
  - pooch>=1.6.0 ; extra == 'test'
  - pytest>=8 ; extra == 'test'
  - pytest-cov>=2.11.0 ; extra == 'test'
  - pytest-localserver ; extra == 'test'
  - pytest-faulthandler ; extra == 'test'
  - pytest-doctestplus ; extra == 'test'
  requires_python: '>=3.10'
- pypi: https://files.pythonhosted.org/packages/63/34/ba1c580383c9eada3711951fef0795c80b829a078d72188184bcab9dd527/packaging-26.3-py3-none-any.whl
  name: packaging
  version: '26.3'
  sha256: d7193f7c8e4e93f444fde0262bf90af30e16fa0ad0ad44cb553c87339b23cd1c
  requires_python: '>=3.9'
- pypi: https://files.pythonhosted.org/packages/8a/a1/8d812e53a5da1687abb10445275d41a8b13adb781bbf7196ddbcf8d88505/lazy_loader-0.5-py3-none-any.whl
  name: lazy-loader
  version: '0.5'
  sha256: ab0ea149e9c554d4ffeeb21105ac60bed7f3b4fd69b1d2360a4add51b170b005
  requires_dist:
  - packaging
  - pytest>=8.0 ; extra == 'test'
  - pytest-cov>=5.0 ; extra == 'test'
  - coverage[toml]>=7.2 ; extra == 'test'
  - pre-commit==4.3.0 ; extra == 'lint'
  - changelist==0.5 ; extra == 'dev'
  - spin==0.15 ; extra == 'dev'
  requires_python: '>=3.9'
- pypi: https://files.pythonhosted.org/packages/a3/dd/4b822569d6b96c39d1215dbae0582fd99954dcbcf0c1a13c61783feaca3f/numpy-2.2.6-cp310-cp310-win_amd64.whl
  name: numpy
  version: 2.2.6
  sha256: f0fd6321b839904e15c46e0d257fdd101dd7f530fe03fd6359c1ea63738703f3
  requires_python: '>=3.10'
- pypi: https://files.pythonhosted.org/packages/b9/54/dd730b32ea14ea797530a4479b2ed46a6fb250f682a9cfb997e968bf0261/networkx-3.4.2-py3-none-any.whl
  name: networkx
  version: 3.4.2
  sha256: df5d4365b724cf81b8c6a7312509d0c22386097011ad1abe274afd5e9d3bbc5f
  requires_dist:
  - numpy>=1.24 ; extra == 'default'
  - scipy>=1.10,!=1.11.0,!=1.11.1 ; extra == 'default'
  - matplotlib>=3.7 ; extra == 'default'
  - pandas>=2.0 ; extra == 'default'
  - changelist==0.5 ; extra == 'developer'
  - pre-commit>=3.2 ; extra == 'developer'
  - mypy>=1.1 ; extra == 'developer'
  - rtoml ; extra == 'developer'
  - sphinx>=7.3 ; extra == 'doc'
  - pydata-sphinx-theme>=0.15 ; extra == 'doc'
  - sphinx-gallery>=0.16 ; extra == 'doc'
  - numpydoc>=1.8.0 ; extra == 'doc'
  - pillow>=9.4 ; extra == 'doc'
  - texext>=0.6.7 ; extra == 'doc'
  - myst-nb>=1.1 ; extra == 'doc'
  - intersphinx-registry ; extra == 'doc'
  - osmnx>=1.9 ; extra == 'example'
  - momepy>=0.7.2 ; extra == 'example'
  - contextily>=1.6 ; extra == 'example'
  - seaborn>=0.13 ; extra == 'example'
  - cairocffi>=1.7 ; extra == 'example'
  - igraph>=0.11 ; extra == 'example'
  - scikit-learn>=1.5 ; extra == 'example'
  - lxml>=4.6 ; extra == 'extra'
  - pygraphviz>=1.14 ; extra == 'extra'
  - pydot>=3.0.1 ; extra == 'extra'
  - sympy>=1.10 ; extra == 'extra'
  - pytest>=7.2 ; extra == 'test'
  - pytest-cov>=4.0 ; extra == 'test'
  requires_python: '>=3.10'
- pypi: https://files.pythonhosted.org/packages/d1/84/55bc4881973d3f79b479a5a2e2df61c8c9a04fcb986a213ac9c02cfb659b/scipy-1.15.3-cp310-cp310-win_amd64.whl
  name: scipy
  version: 1.15.3
  sha256: 9d61e97b186a57350f6d6fd72640f9e99d5a4a2b8fbf4b9ee9a841eab327dc13
  requires_dist:
  - numpy>=1.23.5,<2.5
  - pytest ; extra == 'test'
  - pytest-cov ; extra == 'test'
  - pytest-timeout ; extra == 'test'
  - pytest-xdist ; extra == 'test'
  - asv ; extra == 'test'
  - mpmath ; extra == 'test'
  - gmpy2 ; extra == 'test'
  - threadpoolctl ; extra == 'test'
  - scikit-umfpack ; extra == 'test'
  - pooch ; extra == 'test'
  - hypothesis>=6.30 ; extra == 'test'
  - array-api-strict>=2.0,<2.1.1 ; extra == 'test'
  - cython ; extra == 'test'
  - meson ; extra == 'test'
  - ninja ; sys_platform != 'emscripten' and extra == 'test'
  - sphinx>=5.0.0,<8.0.0 ; extra == 'doc'
  - intersphinx-registry ; extra == 'doc'
  - pydata-sphinx-theme>=0.15.2 ; extra == 'doc'
  - sphinx-copybutton ; extra == 'doc'
  - sphinx-design>=0.4.0 ; extra == 'doc'
  - matplotlib>=3.5 ; extra == 'doc'
  - numpydoc ; extra == 'doc'
  - jupytext ; extra == 'doc'
  - myst-nb ; extra == 'doc'
  - pooch ; extra == 'doc'
  - jupyterlite-sphinx>=0.19.1 ; extra == 'doc'
  - jupyterlite-pyodide-kernel ; extra == 'doc'
  - mypy==1.10.0 ; extra == 'dev'
  - typing-extensions ; extra == 'dev'
  - types-psutil ; extra == 'dev'
  - pycodestyle ; extra == 'dev'
  - ruff>=0.0.292 ; extra == 'dev'
  - cython-lint>=0.12.2 ; extra == 'dev'
  - rich-click ; extra == 'dev'
  - doit>=0.36.0 ; extra == 'dev'
  - pydevtool ; extra == 'dev'
  requires_python: '>=3.10'
